
Microsoft Visual Studio Solution File, Format Version 12.00
# Visual Studio Version 17
VisualStudioVersion = 17.5.33530.505
MinimumVisualStudioVersion = 10.0.40219.1
Project("{FAE04EC0-301F-11D3-BF4B-00C04F79EFBC}") = "Hanoi_alg", "Hanoi_alg\Hanoi_alg.csproj", "{3475D4C4-CD9D-4240-89F6-DAE1FE4A053F}"
EndProject
Global
	GlobalSection(SolutionConfigurationPlatforms) = preSolution
		Debug|Any CPU = Debug|Any CPU
		Release|Any CPU = Release|Any CPU
	EndGlobalSection
	GlobalSection(ProjectConfigurationPlatforms) = postSolution
		{3475D4C4-CD9D-4240-89F6-DAE1FE4A053F}.Debug|Any CPU.ActiveCfg = Debug|Any CPU
		{3475D4C4-CD9D-4240-89F6-DAE1FE4A053F}.Debug|Any CPU.Build.0 = Debug|Any CPU
		{3475D4C4-CD9D-4240-89F6-DAE1FE4A053F}.Release|Any CPU.ActiveCfg = Release|Any CPU
		{3475D4C4-CD9D-4240-89F6-DAE1FE4A053F}.Release|Any CPU.Build.0 = Release|Any CPU
	EndGlobalSection
	GlobalSection(SolutionProperties) = preSolution
		HideSolutionNode = FALSE
	EndGlobalSection
	GlobalSection(ExtensibilityGlobals) = postSolution
		SolutionGuid = {62B51D34-A9CD-46BE-A401-1A17BF8B4AEA}
	EndGlobalSection
EndGlobal
